
Microsoft Visual Studio Solution File, Format Version 12.00
# Visual Studio 15
Project("{FAE04EC0-301F-11D3-BF4B-00C04F79EFBC}") = "dotnetcore-scheduledtask", "dotnetcore-scheduledtask.csproj", "{E9EA361B-6F6A-42AD-802C-EF10BCC397FB}"
EndProject
Global
	GlobalSection(SolutionConfigurationPlatforms) = preSolution
		Debug|Any CPU = Debug|Any CPU
		Release|Any CPU = Release|Any CPU
	EndGlobalSection
	GlobalSection(ProjectConfigurationPlatforms) = postSolution
		{E9EA361B-6F6A-42AD-802C-EF10BCC397FB}.Debug|Any CPU.ActiveCfg = Debug|Any CPU
		{E9EA361B-6F6A-42AD-802C-EF10BCC397FB}.Debug|Any CPU.Build.0 = Debug|Any CPU
		{E9EA361B-6F6A-42AD-802C-EF10BCC397FB}.Release|Any CPU.ActiveCfg = Release|Any CPU
		{E9EA361B-6F6A-42AD-802C-EF10BCC397FB}.Release|Any CPU.Build.0 = Release|Any CPU
	EndGlobalSection
EndGlobal
